
Microsoft Visual Studio Solution File, Format Version 12.00
# Visual Studio Version 17
VisualStudioVersion = 17.14.37314.3 d17.14
MinimumVisualStudioVersion = 10.0.40219.1
Project("{FAE04EC0-301F-11D3-BF4B-00C04F79EFBC}") = "orderfood", "orderfood\orderfood.csproj", "{FCC483F4-4190-4FC6-A5BC-FAC3495864FE}"
EndProject
Global
	GlobalSection(SolutionConfigurationPlatforms) = preSolution
		Debug|Any CPU = Debug|Any CPU
		Release|Any CPU = Release|Any CPU
	EndGlobalSection
	GlobalSection(ProjectConfigurationPlatforms) = postSolution
		{FCC483F4-4190-4FC6-A5BC-FAC3495864FE}.Debug|Any CPU.ActiveCfg = Debug|Any CPU
		{FCC483F4-4190-4FC6-A5BC-FAC3495864FE}.Debug|Any CPU.Build.0 = Debug|Any CPU
		{FCC483F4-4190-4FC6-A5BC-FAC3495864FE}.Release|Any CPU.ActiveCfg = Release|Any CPU
		{FCC483F4-4190-4FC6-A5BC-FAC3495864FE}.Release|Any CPU.Build.0 = Release|Any CPU
	EndGlobalSection
	GlobalSection(SolutionProperties) = preSolution
		HideSolutionNode = FALSE
	EndGlobalSection
	GlobalSection(ExtensibilityGlobals) = postSolution
		SolutionGuid = {09BC5184-0569-43BD-BA97-0F3E8D6B31D1}
	EndGlobalSection
EndGlobal
